
Microsoft Visual Studio Solution File, Format Version 12.00
# Visual Studio Version 17
VisualStudioVersion = 17.3.32611.2
MinimumVisualStudioVersion = 10.0.40219.1
Project("{9A19103F-16F7-4668-BE54-9A1E7A4F7556}") = "KiwiSaaS.Domain", "src\KiwiSaaS.Domain\KiwiSaaS.Domain.csproj", "{554AD327-6DBA-4F8F-96F8-81CE7A0C863F}"
EndProject
Project("{9A19103F-16F7-4668-BE54-9A1E7A4F7556}") = "KiwiSaaS.Application", "src\KiwiSaaS.Application\KiwiSaaS.Application.csproj", "{1A94A50E-06DC-43C1-80B5-B662820EC3EB}"
EndProject
Project("{9A19103F-16F7-4668-BE54-9A1E7A4F7556}") = "KiwiSaaS.EntityFrameworkCore", "src\KiwiSaaS.EntityFrameworkCore\KiwiSaaS.EntityFrameworkCore.csproj", "{C956DD76-69C8-4A9C-83EA-D17DF83340FD}"
EndProject
Project("{9A19103F-16F7-4668-BE54-9A1E7A4F7556}") = "KiwiSaaS.Web", "src\KiwiSaaS.Web\KiwiSaaS.Web.csproj", "{068855E8-9240-4F1A-910B-CF825794513B}"
EndProject
Project("{2150E333-8FDC-42A3-9474-1A3956D46DE8}") = "src", "src", "{CA9AC87F-097E-4F15-8393-4BC07735A5B0}"
EndProject
Project("{2150E333-8FDC-42A3-9474-1A3956D46DE8}") = "test", "test", "{04DBDB01-70F4-4E06-B468-8F87850B22BE}"
EndProject
Project("{9A19103F-16F7-4668-BE54-9A1E7A4F7556}") = "KiwiSaaS.Application.Tests", "test\KiwiSaaS.Application.Tests\KiwiSaaS.Application.Tests.csproj", "{50B2631D-129C-47B3-A587-029CCD6099BC}"
EndProject
Project("{9A19103F-16F7-4668-BE54-9A1E7A4F7556}") = "KiwiSaaS.Web.Tests", "test\KiwiSaaS.Web.Tests\KiwiSaaS.Web.Tests.csproj", "{5F1B28C6-8D0C-4155-92D0-252F7EA5F674}"
EndProject
Project("{9A19103F-16F7-4668-BE54-9A1E7A4F7556}") = "KiwiSaaS.Domain.Shared", "src\KiwiSaaS.Domain.Shared\KiwiSaaS.Domain.Shared.csproj", "{42F719ED-8413-4895-B5B4-5AB56079BC66}"
EndProject
Project("{9A19103F-16F7-4668-BE54-9A1E7A4F7556}") = "KiwiSaaS.Application.Contracts", "src\KiwiSaaS.Application.Contracts\KiwiSaaS.Application.Contracts.csproj", "{520659C8-C734-4298-A3DA-B539DB9DFC0B}"
EndProject
Project("{9A19103F-16F7-4668-BE54-9A1E7A4F7556}") = "KiwiSaaS.HttpApi", "src\KiwiSaaS.HttpApi\KiwiSaaS.HttpApi.csproj", "{4164BDF7-F527-4E85-9CE6-E3C2D7426A27}"
EndProject
Project("{9A19103F-16F7-4668-BE54-9A1E7A4F7556}") = "KiwiSaaS.HttpApi.Client", "src\KiwiSaaS.HttpApi.Client\KiwiSaaS.HttpApi.Client.csproj", "{3B5A0094-670D-4BB1-BFDD-61B88A8773DC}"
EndProject
Project("{9A19103F-16F7-4668-BE54-9A1E7A4F7556}") = "KiwiSaaS.EntityFrameworkCore.Tests", "test\KiwiSaaS.EntityFrameworkCore.Tests\KiwiSaaS.EntityFrameworkCore.Tests.csproj", "{1FE30EB9-74A9-47F5-A9F6-7B1FAB672D81}"
EndProject
Project("{9A19103F-16F7-4668-BE54-9A1E7A4F7556}") = "KiwiSaaS.TestBase", "test\KiwiSaaS.TestBase\KiwiSaaS.TestBase.csproj", "{91853F21-9CD9-4132-BC29-A7D5D84FFFE7}"
EndProject
Project("{9A19103F-16F7-4668-BE54-9A1E7A4F7556}") = "KiwiSaaS.Domain.Tests", "test\KiwiSaaS.Domain.Tests\KiwiSaaS.Domain.Tests.csproj", "{E512F4D9-9375-480F-A2F6-A46509F9D824}"
EndProject
Project("{9A19103F-16F7-4668-BE54-9A1E7A4F7556}") = "KiwiSaaS.HttpApi.Client.ConsoleTestApp", "test\KiwiSaaS.HttpApi.Client.ConsoleTestApp\KiwiSaaS.HttpApi.Client.ConsoleTestApp.csproj", "{EF480016-9127-4916-8735-D2466BDBC582}"
EndProject
Project("{9A19103F-16F7-4668-BE54-9A1E7A4F7556}") = "KiwiSaaS.DbMigrator", "src\KiwiSaaS.DbMigrator\KiwiSaaS.DbMigrator.csproj", "{70680696-BB1E-4383-BCB2-42C3767171FB}"
EndProject
Project("{2150E333-8FDC-42A3-9474-1A3956D46DE8}") = "modules", "modules", "{B4D7AAC2-7EF3-4DE2-8388-AD904ECAF8E8}"
EndProject
Project("{2150E333-8FDC-42A3-9474-1A3956D46DE8}") = "kiwi.core", "kiwi.core", "{CEDA13C5-6FFE-464B-BB07-DDA2A37E8107}"
EndProject
Project("{FAE04EC0-301F-11D3-BF4B-00C04F79EFBC}") = "Kiwi.Core.Application", "modules\kiwi.core\src\Kiwi.Core.Application\Kiwi.Core.Application.csproj", "{33910CE3-4D16-47A8-BBA4-1B06A6D560BD}"
EndProject
Project("{FAE04EC0-301F-11D3-BF4B-00C04F79EFBC}") = "Kiwi.Core.Application.Contracts", "modules\kiwi.core\src\Kiwi.Core.Application.Contracts\Kiwi.Core.Application.Contracts.csproj", "{D8749885-5147-48E3-A860-57154A0D6CC2}"
EndProject
Project("{FAE04EC0-301F-11D3-BF4B-00C04F79EFBC}") = "Kiwi.Core.Domain", "modules\kiwi.core\src\Kiwi.Core.Domain\Kiwi.Core.Domain.csproj", "{1CAD39D9-3A8B-41AD-8AA5-AF88645FD233}"
EndProject
Project("{FAE04EC0-301F-11D3-BF4B-00C04F79EFBC}") = "Kiwi.Core.Domain.Shared", "modules\kiwi.core\src\Kiwi.Core.Domain.Shared\Kiwi.Core.Domain.Shared.csproj", "{99829E40-799F-4BB6-84F5-A4BA46D14A69}"
EndProject
Project("{FAE04EC0-301F-11D3-BF4B-00C04F79EFBC}") = "Kiwi.Core.EntityFrameworkCore", "modules\kiwi.core\src\Kiwi.Core.EntityFrameworkCore\Kiwi.Core.EntityFrameworkCore.csproj", "{EDE1C807-B742-4653-AAAE-270BCE41E65C}"
EndProject
Project("{FAE04EC0-301F-11D3-BF4B-00C04F79EFBC}") = "Kiwi.Core.HttpApi", "modules\kiwi.core\src\Kiwi.Core.HttpApi\Kiwi.Core.HttpApi.csproj", "{87ABF173-05F6-487B-B89E-6853C4A2A5A8}"
EndProject
Global
	GlobalSection(SolutionConfigurationPlatforms) = preSolution
		Debug|Any CPU = Debug|Any CPU
		Release|Any CPU = Release|Any CPU
	EndGlobalSection
	GlobalSection(ProjectConfigurationPlatforms) = postSolution
		{554AD327-6DBA-4F8F-96F8-81CE7A0C863F}.Debug|Any CPU.ActiveCfg = Debug|Any CPU
		{554AD327-6DBA-4F8F-96F8-81CE7A0C863F}.Debug|Any CPU.Build.0 = Debug|Any CPU
		{554AD327-6DBA-4F8F-96F8-81CE7A0C863F}.Release|Any CPU.ActiveCfg = Release|Any CPU
		{554AD327-6DBA-4F8F-96F8-81CE7A0C863F}.Release|Any CPU.Build.0 = Release|Any CPU
		{1A94A50E-06DC-43C1-80B5-B662820EC3EB}.Debug|Any CPU.ActiveCfg = Debug|Any CPU
		{1A94A50E-06DC-43C1-80B5-B662820EC3EB}.Debug|Any CPU.Build.0 = Debug|Any CPU
		{1A94A50E-06DC-43C1-80B5-B662820EC3EB}.Release|Any CPU.ActiveCfg = Release|Any CPU
		{1A94A50E-06DC-43C1-80B5-B662820EC3EB}.Release|Any CPU.Build.0 = Release|Any CPU
		{C956DD76-69C8-4A9C-83EA-D17DF83340FD}.Debug|Any CPU.ActiveCfg = Debug|Any CPU
		{C956DD76-69C8-4A9C-83EA-D17DF83340FD}.Debug|Any CPU.Build.0 = Debug|Any CPU
		{C956DD76-69C8-4A9C-83EA-D17DF83340FD}.Release|Any CPU.ActiveCfg = Release|Any CPU
		{C956DD76-69C8-4A9C-83EA-D17DF83340FD}.Release|Any CPU.Build.0 = Release|Any CPU
		{068855E8-9240-4F1A-910B-CF825794513B}.Debug|Any CPU.ActiveCfg = Debug|Any CPU
		{068855E8-9240-4F1A-910B-CF825794513B}.Debug|Any CPU.Build.0 = Debug|Any CPU
		{068855E8-9240-4F1A-910B-CF825794513B}.Release|Any CPU.ActiveCfg = Release|Any CPU
		{068855E8-9240-4F1A-910B-CF825794513B}.Release|Any CPU.Build.0 = Release|Any CPU
		{50B2631D-129C-47B3-A587-029CCD6099BC}.Debug|Any CPU.ActiveCfg = Debug|Any CPU
		{50B2631D-129C-47B3-A587-029CCD6099BC}.Debug|Any CPU.Build.0 = Debug|Any CPU
		{50B2631D-129C-47B3-A587-029CCD6099BC}.Release|Any CPU.ActiveCfg = Release|Any CPU
		{50B2631D-129C-47B3-A587-029CCD6099BC}.Release|Any CPU.Build.0 = Release|Any CPU
		{5F1B28C6-8D0C-4155-92D0-252F7EA5F674}.Debug|Any CPU.ActiveCfg = Debug|Any CPU
		{5F1B28C6-8D0C-4155-92D0-252F7EA5F674}.Debug|Any CPU.Build.0 = Debug|Any CPU
		{5F1B28C6-8D0C-4155-92D0-252F7EA5F674}.Release|Any CPU.ActiveCfg = Release|Any CPU
		{5F1B28C6-8D0C-4155-92D0-252F7EA5F674}.Release|Any CPU.Build.0 = Release|Any CPU
		{42F719ED-8413-4895-B5B4-5AB56079BC66}.Debug|Any CPU.ActiveCfg = Debug|Any CPU
		{42F719ED-8413-4895-B5B4-5AB56079BC66}.Debug|Any CPU.Build.0 = Debug|Any CPU
		{42F719ED-8413-4895-B5B4-5AB56079BC66}.Release|Any CPU.ActiveCfg = Release|Any CPU
		{42F719ED-8413-4895-B5B4-5AB56079BC66}.Release|Any CPU.Build.0 = Release|Any CPU
		{520659C8-C734-4298-A3DA-B539DB9DFC0B}.Debug|Any CPU.ActiveCfg = Debug|Any CPU
		{520659C8-C734-4298-A3DA-B539DB9DFC0B}.Debug|Any CPU.Build.0 = Debug|Any CPU
		{520659C8-C734-4298-A3DA-B539DB9DFC0B}.Release|Any CPU.ActiveCfg = Release|Any CPU
		{520659C8-C734-4298-A3DA-B539DB9DFC0B}.Release|Any CPU.Build.0 = Release|Any CPU
		{4164BDF7-F527-4E85-9CE6-E3C2D7426A27}.Debug|Any CPU.ActiveCfg = Debug|Any CPU
		{4164BDF7-F527-4E85-9CE6-E3C2D7426A27}.Debug|Any CPU.Build.0 = Debug|Any CPU
		{4164BDF7-F527-4E85-9CE6-E3C2D7426A27}.Release|Any CPU.ActiveCfg = Release|Any CPU
		{4164BDF7-F527-4E85-9CE6-E3C2D7426A27}.Release|Any CPU.Build.0 = Release|Any CPU
		{3B5A0094-670D-4BB1-BFDD-61B88A8773DC}.Debug|Any CPU.ActiveCfg = Debug|Any CPU
		{3B5A0094-670D-4BB1-BFDD-61B88A8773DC}.Debug|Any CPU.Build.0 = Debug|Any CPU
		{3B5A0094-670D-4BB1-BFDD-61B88A8773DC}.Release|Any CPU.ActiveCfg = Release|Any CPU
		{3B5A0094-670D-4BB1-BFDD-61B88A8773DC}.Release|Any CPU.Build.0 = Release|Any CPU
		{1FE30EB9-74A9-47F5-A9F6-7B1FAB672D81}.Debug|Any CPU.ActiveCfg = Debug|Any CPU
		{1FE30EB9-74A9-47F5-A9F6-7B1FAB672D81}.Debug|Any CPU.Build.0 = Debug|Any CPU
		{1FE30EB9-74A9-47F5-A9F6-7B1FAB672D81}.Release|Any CPU.ActiveCfg = Release|Any CPU
		{1FE30EB9-74A9-47F5-A9F6-7B1FAB672D81}.Release|Any CPU.Build.0 = Release|Any CPU
		{91853F21-9CD9-4132-BC29-A7D5D84FFFE7}.Debug|Any CPU.ActiveCfg = Debug|Any CPU
		{91853F21-9CD9-4132-BC29-A7D5D84FFFE7}.Debug|Any CPU.Build.0 = Debug|Any CPU
		{91853F21-9CD9-4132-BC29-A7D5D84FFFE7}.Release|Any CPU.ActiveCfg = Release|Any CPU
		{91853F21-9CD9-4132-BC29-A7D5D84FFFE7}.Release|Any CPU.Build.0 = Release|Any CPU
		{E512F4D9-9375-480F-A2F6-A46509F9D824}.Debug|Any CPU.ActiveCfg = Debug|Any CPU
		{E512F4D9-9375-480F-A2F6-A46509F9D824}.Debug|Any CPU.Build.0 = Debug|Any CPU
		{E512F4D9-9375-480F-A2F6-A46509F9D824}.Release|Any CPU.ActiveCfg = Release|Any CPU
		{E512F4D9-9375-480F-A2F6-A46509F9D824}.Release|Any CPU.Build.0 = Release|Any CPU
		{EF480016-9127-4916-8735-D2466BDBC582}.Debug|Any CPU.ActiveCfg = Debug|Any CPU
		{EF480016-9127-4916-8735-D2466BDBC582}.Debug|Any CPU.Build.0 = Debug|Any CPU
		{EF480016-9127-4916-8735-D2466BDBC582}.Release|Any CPU.ActiveCfg = Release|Any CPU
		{EF480016-9127-4916-8735-D2466BDBC582}.Release|Any CPU.Build.0 = Release|Any CPU
		{70680696-BB1E-4383-BCB2-42C3767171FB}.Debug|Any CPU.ActiveCfg = Debug|Any CPU
		{70680696-BB1E-4383-BCB2-42C3767171FB}.Debug|Any CPU.Build.0 = Debug|Any CPU
		{70680696-BB1E-4383-BCB2-42C3767171FB}.Release|Any CPU.ActiveCfg = Release|Any CPU
		{70680696-BB1E-4383-BCB2-42C3767171FB}.Release|Any CPU.Build.0 = Release|Any CPU
		{33910CE3-4D16-47A8-BBA4-1B06A6D560BD}.Debug|Any CPU.ActiveCfg = Debug|Any CPU
		{33910CE3-4D16-47A8-BBA4-1B06A6D560BD}.Debug|Any CPU.Build.0 = Debug|Any CPU
		{33910CE3-4D16-47A8-BBA4-1B06A6D560BD}.Release|Any CPU.ActiveCfg = Release|Any CPU
		{33910CE3-4D16-47A8-BBA4-1B06A6D560BD}.Release|Any CPU.Build.0 = Release|Any CPU
		{D8749885-5147-48E3-A860-57154A0D6CC2}.Debug|Any CPU.ActiveCfg = Debug|Any CPU
		{D8749885-5147-48E3-A860-57154A0D6CC2}.Debug|Any CPU.Build.0 = Debug|Any CPU
		{D8749885-5147-48E3-A860-57154A0D6CC2}.Release|Any CPU.ActiveCfg = Release|Any CPU
		{D8749885-5147-48E3-A860-57154A0D6CC2}.Release|Any CPU.Build.0 = Release|Any CPU
		{1CAD39D9-3A8B-41AD-8AA5-AF88645FD233}.Debug|Any CPU.ActiveCfg = Debug|Any CPU
		{1CAD39D9-3A8B-41AD-8AA5-AF88645FD233}.Debug|Any CPU.Build.0 = Debug|Any CPU
		{1CAD39D9-3A8B-41AD-8AA5-AF88645FD233}.Release|Any CPU.ActiveCfg = Release|Any CPU
		{1CAD39D9-3A8B-41AD-8AA5-AF88645FD233}.Release|Any CPU.Build.0 = Release|Any CPU
		{99829E40-799F-4BB6-84F5-A4BA46D14A69}.Debug|Any CPU.ActiveCfg = Debug|Any CPU
		{99829E40-799F-4BB6-84F5-A4BA46D14A69}.Debug|Any CPU.Build.0 = Debug|Any CPU
		{99829E40-799F-4BB6-84F5-A4BA46D14A69}.Release|Any CPU.ActiveCfg = Release|Any CPU
		{99829E40-799F-4BB6-84F5-A4BA46D14A69}.Release|Any CPU.Build.0 = Release|Any CPU
		{EDE1C807-B742-4653-AAAE-270BCE41E65C}.Debug|Any CPU.ActiveCfg = Debug|Any CPU
		{EDE1C807-B742-4653-AAAE-270BCE41E65C}.Debug|Any CPU.Build.0 = Debug|Any CPU
		{EDE1C807-B742-4653-AAAE-270BCE41E65C}.Release|Any CPU.ActiveCfg = Release|Any CPU
		{EDE1C807-B742-4653-AAAE-270BCE41E65C}.Release|Any CPU.Build.0 = Release|Any CPU
		{87ABF173-05F6-487B-B89E-6853C4A2A5A8}.Debug|Any CPU.ActiveCfg = Debug|Any CPU
		{87ABF173-05F6-487B-B89E-6853C4A2A5A8}.Debug|Any CPU.Build.0 = Debug|Any CPU
		{87ABF173-05F6-487B-B89E-6853C4A2A5A8}.Release|Any CPU.ActiveCfg = Release|Any CPU
		{87ABF173-05F6-487B-B89E-6853C4A2A5A8}.Release|Any CPU.Build.0 = Release|Any CPU
	EndGlobalSection
	GlobalSection(SolutionProperties) = preSolution
		HideSolutionNode = FALSE
	EndGlobalSection
	GlobalSection(NestedProjects) = preSolution
		{554AD327-6DBA-4F8F-96F8-81CE7A0C863F} = {CA9AC87F-097E-4F15-8393-4BC07735A5B0}
		{1A94A50E-06DC-43C1-80B5-B662820EC3EB} = {CA9AC87F-097E-4F15-8393-4BC07735A5B0}
		{C956DD76-69C8-4A9C-83EA-D17DF83340FD} = {CA9AC87F-097E-4F15-8393-4BC07735A5B0}
		{068855E8-9240-4F1A-910B-CF825794513B} = {CA9AC87F-097E-4F15-8393-4BC07735A5B0}
		{50B2631D-129C-47B3-A587-029CCD6099BC} = {04DBDB01-70F4-4E06-B468-8F87850B22BE}
		{5F1B28C6-8D0C-4155-92D0-252F7EA5F674} = {04DBDB01-70F4-4E06-B468-8F87850B22BE}
		{42F719ED-8413-4895-B5B4-5AB56079BC66} = {CA9AC87F-097E-4F15-8393-4BC07735A5B0}
		{520659C8-C734-4298-A3DA-B539DB9DFC0B} = {CA9AC87F-097E-4F15-8393-4BC07735A5B0}
		{4164BDF7-F527-4E85-9CE6-E3C2D7426A27} = {CA9AC87F-097E-4F15-8393-4BC07735A5B0}
		{3B5A0094-670D-4BB1-BFDD-61B88A8773DC} = {CA9AC87F-097E-4F15-8393-4BC07735A5B0}
		{1FE30EB9-74A9-47F5-A9F6-7B1FAB672D81} = {04DBDB01-70F4-4E06-B468-8F87850B22BE}
		{91853F21-9CD9-4132-BC29-A7D5D84FFFE7} = {04DBDB01-70F4-4E06-B468-8F87850B22BE}
		{E512F4D9-9375-480F-A2F6-A46509F9D824} = {04DBDB01-70F4-4E06-B468-8F87850B22BE}
		{EF480016-9127-4916-8735-D2466BDBC582} = {04DBDB01-70F4-4E06-B468-8F87850B22BE}
		{70680696-BB1E-4383-BCB2-42C3767171FB} = {CA9AC87F-097E-4F15-8393-4BC07735A5B0}
		{CEDA13C5-6FFE-464B-BB07-DDA2A37E8107} = {B4D7AAC2-7EF3-4DE2-8388-AD904ECAF8E8}
		{33910CE3-4D16-47A8-BBA4-1B06A6D560BD} = {CEDA13C5-6FFE-464B-BB07-DDA2A37E8107}
		{D8749885-5147-48E3-A860-57154A0D6CC2} = {CEDA13C5-6FFE-464B-BB07-DDA2A37E8107}
		{1CAD39D9-3A8B-41AD-8AA5-AF88645FD233} = {CEDA13C5-6FFE-464B-BB07-DDA2A37E8107}
		{99829E40-799F-4BB6-84F5-A4BA46D14A69} = {CEDA13C5-6FFE-464B-BB07-DDA2A37E8107}
		{EDE1C807-B742-4653-AAAE-270BCE41E65C} = {CEDA13C5-6FFE-464B-BB07-DDA2A37E8107}
		{87ABF173-05F6-487B-B89E-6853C4A2A5A8} = {CEDA13C5-6FFE-464B-BB07-DDA2A37E8107}
	EndGlobalSection
	GlobalSection(ExtensibilityGlobals) = postSolution
		SolutionGuid = {28315BFD-90E7-4E14-A2EA-F3D23AF4126F}
	EndGlobalSection
EndGlobal
